# THIS IS AN AUTOGENERATED FILE. DO NOT EDIT THIS FILE DIRECTLY.
# yarn lockfile v1


autocorrect-node-darwin-arm64@2.14.0:
  version "2.14.0"
  resolved "https://registry.yarnpkg.com/autocorrect-node-darwin-arm64/-/autocorrect-node-darwin-arm64-2.14.0.tgz#ba2d5d72338ab71d6d9b951f3bd54d61959d7560"
  integrity sha512-l5IRTQz6zYAlkfEc5emIDXBkayD0MIwPPAVXCFMceFwyTNhAJ5veoKqRrsPuBVthIbfYKtAUs9oy9oFoHQn7bw==

autocorrect-node-darwin-x64@2.14.0:
  version "2.14.0"
  resolved "https://registry.yarnpkg.com/autocorrect-node-darwin-x64/-/autocorrect-node-darwin-x64-2.14.0.tgz#535d03886e745ef4efe09543984396e40031c2f8"
  integrity sha512-vRO0lwfXff2Fs41NzdDqN5t4VQ03M0Xsn6Tk4OjMrbjoWJqaEq05KZOTSaSF/wEs/7E1VoaI9Kz+c0fqylVX4Q==

autocorrect-node-linux-x64-gnu@2.14.0:
  version "2.14.0"
  resolved "https://registry.yarnpkg.com/autocorrect-node-linux-x64-gnu/-/autocorrect-node-linux-x64-gnu-2.14.0.tgz#d1c8f101ab29a25fd1405be4f7cd36b84cc3e915"
  integrity sha512-v1y1wh340cbhrHSZZP0oPkvWUprDtUIwnBP69Bls27VhQ2ZyVV4eijDNOP//yGUyUunMB0rtWoZaBsq8ugt1Kg==

autocorrect-node-linux-x64-musl@2.14.0:
  version "2.14.0"
  resolved "https://registry.yarnpkg.com/autocorrect-node-linux-x64-musl/-/autocorrect-node-linux-x64-musl-2.14.0.tgz#35095c7b318581adec34db3cbfb45b6204297104"
  integrity sha512-3LifiLG61VIXBrOITpD/REcg/ZEUuLz/P2XUWMCfGqhzoUb8oFgM3o0A6extvIH2NefiHMndB9kNbfQjXCl3zA==

autocorrect-node-win32-x64-msvc@2.14.0:
  version "2.14.0"
  resolved "https://registry.yarnpkg.com/autocorrect-node-win32-x64-msvc/-/autocorrect-node-win32-x64-msvc-2.14.0.tgz#5d3864a33b65ff92fc5a906edeba0fc238f877b2"
  integrity sha512-OM6TeGUW0+4R9KtUYTYNEwlInd+b2kumw/B1HCbCzb1F7HpfaNxnZiMk1li0bdPPBDzD5YuzwM30VJZMCWIi5A==

autocorrect-node@^2.14.0:
  version "2.14.0"
  resolved "https://registry.yarnpkg.com/autocorrect-node/-/autocorrect-node-2.14.0.tgz#f463b0c4fb3e5798163d700f418a2f58bd39a9b1"
  integrity sha512-Pkdw3Hr1Wbtpm8f7KYOaPnHFa7TNVo9dyuOffVaNGN3iWWRBs011XBuCJUEmHV097kJkab94cs4P6KJ4pvI41g==
  optionalDependencies:
    autocorrect-node-darwin-arm64 "2.14.0"
    autocorrect-node-darwin-x64 "2.14.0"
    autocorrect-node-linux-x64-gnu "2.14.0"
    autocorrect-node-linux-x64-musl "2.14.0"
    autocorrect-node-win32-x64-msvc "2.14.0"
